<?xml version="1.0" encoding="utf-8"?>
<Project ToolsVersion="4.0" xmlns="http://schemas.microsoft.com/developer/msbuild/2003">
  <ItemGroup>
    <Filter Include="Source Files">
      <UniqueIdentifier>{4FC737F1-C7A5-4376-A066-2A32D752A2FF}</UniqueIdentifier>
      <Extensions>cpp;c;cc;cxx;def;odl;idl;hpj;bat;asm;asmx</Extensions>
    </Filter>
    <Filter Include="Header Files">
      <UniqueIdentifier>{93995380-89BD-4b04-88EB-625FBE52EBFB}</UniqueIdentifier>
      <Extensions>h;hh;hpp;hxx;hm;inl;inc;ipp;xsd</Extensions>
    </Filter>
    <Filter Include="Resource Files">
      <UniqueIdentifier>{67DA6AB6-F800-4c08-8B7A-83BB121AAD01}</UniqueIdentifier>
      <Extensions>rc;ico;cur;bmp;dlg;rc2;rct;bin;rgs;gif;jpg;jpeg;jpe;resx;tiff;tif;png;wav;mfcribbon-ms</Extensions>
    </Filter>
  </ItemGroup>
  <ItemGroup>
    <ClCompile Include="Source.cpp">
      <Filter>Source Files</Filter>
    </ClCompile>
    <ClCompile Include="Carro.cpp">
      <Filter>Source Files</Filter>
    </ClCompile>
    <ClCompile Include="Piloto.cpp">
      <Filter>Source Files</Filter>
    </ClCompile>
    <ClCompile Include="Autodromo.cpp">
      <Filter>Source Files</Filter>
    </ClCompile>
    <ClCompile Include="Garagem.cpp">
      <Filter>Source Files</Filter>
    </ClCompile>
    <ClCompile Include="Corrida.cpp">
      <Filter>Source Files</Filter>
    </ClCompile>
    <ClCompile Include="Pista.cpp">
      <Filter>Source Files</Filter>
    </ClCompile>
    <ClCompile Include="Campeonato.cpp">
      <Filter>Source Files</Filter>
    </ClCompile>
    <ClCompile Include="Dgv.cpp">
      <Filter>Source Files</Filter>
    </ClCompile>
    <ClCompile Include="Consola.cpp">
      <Filter>Source Files</Filter>
    </ClCompile>
  </ItemGroup>
  <ItemGroup>
    <ClInclude Include="Carro.h">
      <Filter>Header Files</Filter>
    </ClInclude>
    <ClInclude Include="Piloto.h">
      <Filter>Header Files</Filter>
    </ClInclude>
    <ClInclude Include="Autodromo.h">
      <Filter>Header Files</Filter>
    </ClInclude>
    <ClInclude Include="Garagem.h">
      <Filter>Header Files</Filter>
    </ClInclude>
    <ClInclude Include="Corrida.h">
      <Filter>Header Files</Filter>
    </ClInclude>
    <ClInclude Include="Pista.h">
      <Filter>Header Files</Filter>
    </ClInclude>
    <ClInclude Include="Campeonato.h">
      <Filter>Header Files</Filter>
    </ClInclude>
    <ClInclude Include="Dgv.h">
      <Filter>Header Files</Filter>
    </ClInclude>
    <ClInclude Include="Consola.h">
      <Filter>Header Files</Filter>
    </ClInclude>
  </ItemGroup>
</Project>